
Microsoft Visual Studio Solution File, Format Version 12.00
# Visual Studio Version 16
VisualStudioVersion = 16.0.30114.105
MinimumVisualStudioVersion = 10.0.40219.1
Project("{FAE04EC0-301F-11D3-BF4B-00C04F79EFBC}") = "TextureConverter", "TextureConverter\TextureConverter.csproj", "{2B0B4C02-DCFA-459D-AB93-08CE340FB16A}"
EndProject
Global
	GlobalSection(SolutionConfigurationPlatforms) = preSolution
		Debug|Any CPU = Debug|Any CPU
		Release|Any CPU = Release|Any CPU
	EndGlobalSection
	GlobalSection(ProjectConfigurationPlatforms) = postSolution
		{2B0B4C02-DCFA-459D-AB93-08CE340FB16A}.Debug|Any CPU.ActiveCfg = Debug|Any CPU
		{2B0B4C02-DCFA-459D-AB93-08CE340FB16A}.Debug|Any CPU.Build.0 = Debug|Any CPU
		{2B0B4C02-DCFA-459D-AB93-08CE340FB16A}.Release|Any CPU.ActiveCfg = Release|Any CPU
		{2B0B4C02-DCFA-459D-AB93-08CE340FB16A}.Release|Any CPU.Build.0 = Release|Any CPU
	EndGlobalSection
	GlobalSection(SolutionProperties) = preSolution
		HideSolutionNode = FALSE
	EndGlobalSection
	GlobalSection(ExtensibilityGlobals) = postSolution
		SolutionGuid = {EF29273B-25CA-432D-9253-1679BD2C5AA2}
	EndGlobalSection
EndGlobal
